{
  "name": "jettison-system",
  "lockfileVersion": 3,
  "requires": true,
  "packages": {
    "": {
      "name": "jettison-system",
      "license": "GPL-3.0",
      "workspaces": [
        "packages/tokens",
        "packages/cli"
      ]
    },
    "node_modules/@jettison-system/cli": {
      "resolved": "packages/cli",
      "link": true
    },
    "node_modules/@jettison-system/tokens": {
      "resolved": "packages/tokens",
      "link": true
    },
    "packages/cli": {
      "version": "0.0.0",
      "license": "GPL-3.0",
      "devDependencies": {}
    },
    "packages/tokens": {
      "name": "@jettison-system/tokens",
      "version": "0.0.0",
      "license": "GPL-3.0",
      "devDependencies": {}
    }
  }
}
