{
  "name": "jettison-system",
  "lockfileVersion": 3,
  "requires": true,
  "packages": {
    "": {
      "name": "jettison-system",
      "license": "GPL-3.0",
      "workspaces": [
        "packages/tokens",
        "packages/cli",
        "packages/config"
      ],
      "dependencies": {
        "prettier": "^2.8.4"
      },
      "devDependencies": {
        "typescript": "^4.9.5"
      }
    },
    "node_modules/@jettison-system/cli": {
      "resolved": "packages/cli",
      "link": true
    },
    "node_modules/@jettison-system/config": {
      "resolved": "packages/config",
      "link": true
    },
    "node_modules/@jettison-system/tokens": {
      "resolved": "packages/tokens",
      "link": true
    },
    "node_modules/prettier": {
      "version": "2.8.4",
      "resolved": "https://registry.npmjs.org/prettier/-/prettier-2.8.4.tgz",
      "integrity": "sha512-vIS4Rlc2FNh0BySk3Wkd6xmwxB0FpOndW5fisM5H8hsZSxU2VWVB5CWIkIjWvrHjIhxk2g3bfMKM87zNTrZddw==",
      "bin": {
        "prettier": "bin-prettier.js"
      },
      "engines": {
        "node": ">=10.13.0"
      },
      "funding": {
        "url": "https://github.com/prettier/prettier?sponsor=1"
      }
    },
    "node_modules/typescript": {
      "version": "4.9.5",
      "resolved": "https://registry.npmjs.org/typescript/-/typescript-4.9.5.tgz",
      "integrity": "sha512-1FXk9E2Hm+QzZQ7z+McJiHL4NW1F2EzMu9Nq9i3zAaGqibafqYwCVU6WyWAuyQRRzOlxou8xZSyXLEN8oKj24g==",
      "dev": true,
      "bin": {
        "tsc": "bin/tsc",
        "tsserver": "bin/tsserver"
      },
      "engines": {
        "node": ">=4.2.0"
      }
    },
    "packages/cli": {
      "name": "@jettison-system/cli",
      "version": "0.0.0",
      "license": "GPL-3.0",
      "dependencies": {
        "@jettison-system/config": "^0.0.0",
        "@jettison-system/tokens": "^0.0.0"
      }
    },
    "packages/config": {
      "name": "@jettison-system/config",
      "version": "0.0.0",
      "license": "GPL-3.0"
    },
    "packages/tokens": {
      "name": "@jettison-system/tokens",
      "version": "0.0.0",
      "license": "GPL-3.0",
      "dependencies": {
        "@jettison-system/config": "^0.0.0"
      }
    }
  }
}
